// !$*UTF8*$!
{
	archiveVersion = 1;
	classes = {
	};
	objectVersion = 55;
	objects = {

/* Begin PBXBuildFile section */
		A1292DEE28914DBD0098EAB7 /* DayacademyApp.swift in Sources */ = {isa = PBXBuildFile; fileRef = A1292DED28914DBD0098EAB7 /* DayacademyApp.swift */; };
		A1292DF028914DBD0098EAB7 /* ContentView.swift in Sources */ = {isa = PBXBuildFile; fileRef = A1292DEF28914DBD0098EAB7 /* ContentView.swift */; };
		A1292DF228914DC00098EAB7 /* Assets.xcassets in Resources */ = {isa = PBXBuildFile; fileRef = A1292DF128914DC00098EAB7 /* Assets.xcassets */; };
		A1292DF528914DC00098EAB7 /* Preview Assets.xcassets in Resources */ = {isa = PBXBuildFile; fileRef = A1292DF428914DC00098EAB7 /* Preview Assets.xcassets */; };
		A1292DFE2891530D0098EAB7 /* Task.swift in Sources */ = {isa = PBXBuildFile; fileRef = A1292DFD2891530C0098EAB7 /* Task.swift */; };
		A1292E0128915E700098EAB7 /* TaskViewModel.swift in Sources */ = {isa = PBXBuildFile; fileRef = A1292E0028915E700098EAB7 /* TaskViewModel.swift */; };
		A1292E03289285080098EAB7 /* Home.swift in Sources */ = {isa = PBXBuildFile; fileRef = A1292E02289285080098EAB7 /* Home.swift */; };
		A1AA59D42893039E00B7EBFA /* SplashScreen.swift in Sources */ = {isa = PBXBuildFile; fileRef = A1AA59D32893039E00B7EBFA /* SplashScreen.swift */; };
		A1AA59D62893185B00B7EBFA /* Onboarding.swift in Sources */ = {isa = PBXBuildFile; fileRef = A1AA59D52893185B00B7EBFA /* Onboarding.swift */; };
/* End PBXBuildFile section */

/* Begin PBXFileReference section */
		A1292DEA28914DBD0098EAB7 /* Dayacademy.app */ = {isa = PBXFileReference; explicitFileType = wrapper.application; includeInIndex = 0; path = Dayacademy.app; sourceTree = BUILT_PRODUCTS_DIR; };
		A1292DED28914DBD0098EAB7 /* DayacademyApp.swift */ = {isa = PBXFileReference; lastKnownFileType = sourcecode.swift; path = DayacademyApp.swift; sourceTree = "<group>"; };
		A1292DEF28914DBD0098EAB7 /* ContentView.swift */ = {isa = PBXFileReference; lastKnownFileType = sourcecode.swift; path = ContentView.swift; sourceTree = "<group>"; };
		A1292DF128914DC00098EAB7 /* Assets.xcassets */ = {isa = PBXFileReference; lastKnownFileType = folder.assetcatalog; path = Assets.xcassets; sourceTree = "<group>"; };
		A1292DF428914DC00098EAB7 /* Preview Assets.xcassets */ = {isa = PBXFileReference; lastKnownFileType = folder.assetcatalog; path = "Preview Assets.xcassets"; sourceTree = "<group>"; };
		A1292DFD2891530C0098EAB7 /* Task.swift */ = {isa = PBXFileReference; lastKnownFileType = sourcecode.swift; path = Task.swift; sourceTree = "<group>"; };
		A1292E0028915E700098EAB7 /* TaskViewModel.swift */ = {isa = PBXFileReference; lastKnownFileType = sourcecode.swift; path = TaskViewModel.swift; sourceTree = "<group>"; };
		A1292E02289285080098EAB7 /* Home.swift */ = {isa = PBXFileReference; lastKnownFileType = sourcecode.swift; path = Home.swift; sourceTree = "<group>"; };
		A1AA59D32893039E00B7EBFA /* SplashScreen.swift */ = {isa = PBXFileReference; lastKnownFileType = sourcecode.swift; path = SplashScreen.swift; sourceTree = "<group>"; };
		A1AA59D52893185B00B7EBFA /* Onboarding.swift */ = {isa = PBXFileReference; lastKnownFileType = sourcecode.swift; path = Onboarding.swift; sourceTree = "<group>"; };
/* End PBXFileReference section */

/* Begin PBXFrameworksBuildPhase section */
		A1292DE728914DBD0098EAB7 /* Frameworks */ = {
			isa = PBXFrameworksBuildPhase;
			buildActionMask = 2147483647;
			files = (
			);
			runOnlyForDeploymentPostprocessing = 0;
		};
/* End PBXFrameworksBuildPhase section */

/* Begin PBXGroup section */
		A1292DE128914DBD0098EAB7 = {
			isa = PBXGroup;
			children = (
				A1292DEC28914DBD0098EAB7 /* Dayacademy */,
				A1292DEB28914DBD0098EAB7 /* Products */,
			);
			sourceTree = "<group>";
		};
		A1292DEB28914DBD0098EAB7 /* Products */ = {
			isa = PBXGroup;
			children = (
				A1292DEA28914DBD0098EAB7 /* Dayacademy.app */,
			);
			name = Products;
			sourceTree = "<group>";
		};
		A1292DEC28914DBD0098EAB7 /* Dayacademy */ = {
			isa = PBXGroup;
			children = (
				A1292DFF28915E090098EAB7 /* ViewModel */,
				A1292DFC289152F10098EAB7 /* Model */,
				A1292DFB289152E00098EAB7 /* View */,
				A1292DED28914DBD0098EAB7 /* DayacademyApp.swift */,
				A1292DEF28914DBD0098EAB7 /* ContentView.swift */,
				A1292DF128914DC00098EAB7 /* Assets.xcassets */,
				A1292DF328914DC00098EAB7 /* Preview Content */,
			);
			path = Dayacademy;
			sourceTree = "<group>";
		};
		A1292DF328914DC00098EAB7 /* Preview Content */ = {
			isa = PBXGroup;
			children = (
				A1292DF428914DC00098EAB7 /* Preview Assets.xcassets */,
			);
			path = "Preview Content";
			sourceTree = "<group>";
		};
		A1292DFB289152E00098EAB7 /* View */ = {
			isa = PBXGroup;
			children = (
				A1292E02289285080098EAB7 /* Home.swift */,
				A1AA59D32893039E00B7EBFA /* SplashScreen.swift */,
				A1AA59D52893185B00B7EBFA /* Onboarding.swift */,
			);
			path = View;
			sourceTree = "<group>";
		};
		A1292DFC289152F10098EAB7 /* Model */ = {
			isa = PBXGroup;
			children = (
				A1292DFD2891530C0098EAB7 /* Task.swift */,
			);
			path = Model;
			sourceTree = "<group>";
		};
		A1292DFF28915E090098EAB7 /* ViewModel */ = {
			isa = PBXGroup;
			children = (
				A1292E0028915E700098EAB7 /* TaskViewModel.swift */,
			);
			path = ViewModel;
			sourceTree = "<group>";
		};
/* End PBXGroup section */

/* Begin PBXNativeTarget section */
		A1292DE928914DBD0098EAB7 /* Dayacademy */ = {
			isa = PBXNativeTarget;
			buildConfigurationList = A1292DF828914DC00098EAB7 /* Build configuration list for PBXNativeTarget "Dayacademy" */;
			buildPhases = (
				A1292DE628914DBD0098EAB7 /* Sources */,
				A1292DE728914DBD0098EAB7 /* Frameworks */,
				A1292DE828914DBD0098EAB7 /* Resources */,
			);
			buildRules = (
			);
			dependencies = (
			);
			name = Dayacademy;
			productName = Dayacademy;
			productReference = A1292DEA28914DBD0098EAB7 /* Dayacademy.app */;
			productType = "com.apple.product-type.application";
		};
/* End PBXNativeTarget section */

/* Begin PBXProject section */
		A1292DE228914DBD0098EAB7 /* Project object */ = {
			isa = PBXProject;
			attributes = {
				BuildIndependentTargetsInParallel = 1;
				LastSwiftUpdateCheck = 1340;
				LastUpgradeCheck = 1340;
				TargetAttributes = {
					A1292DE928914DBD0098EAB7 = {
						CreatedOnToolsVersion = 13.4.1;
					};
				};
			};
			buildConfigurationList = A1292DE528914DBD0098EAB7 /* Build configuration list for PBXProject "Dayacademy" */;
			compatibilityVersion = "Xcode 13.0";
			developmentRegion = en;
			hasScannedForEncodings = 0;
			knownRegions = (
				en,
				Base,
			);
			mainGroup = A1292DE128914DBD0098EAB7;
			productRefGroup = A1292DEB28914DBD0098EAB7 /* Products */;
			projectDirPath = "";
			projectRoot = "";
			targets = (
				A1292DE928914DBD0098EAB7 /* Dayacademy */,
			);
		};
/* End PBXProject section */

/* Begin PBXResourcesBuildPhase section */
		A1292DE828914DBD0098EAB7 /* Resources */ = {
			isa = PBXResourcesBuildPhase;
			buildActionMask = 2147483647;
			files = (
				A1292DF528914DC00098EAB7 /* Preview Assets.xcassets in Resources */,
				A1292DF228914DC00098EAB7 /* Assets.xcassets in Resources */,
			);
			runOnlyForDeploymentPostprocessing = 0;
		};
/* End PBXResourcesBuildPhase section */

/* Begin PBXSourcesBuildPhase section */
		A1292DE628914DBD0098EAB7 /* Sources */ = {
			isa = PBXSourcesBuildPhase;
			buildActionMask = 2147483647;
			files = (
				A1AA59D42893039E00B7EBFA /* SplashScreen.swift in Sources */,
				A1292DF028914DBD0098EAB7 /* ContentView.swift in Sources */,
				A1292E0128915E700098EAB7 /* TaskViewModel.swift in Sources */,
				A1AA59D62893185B00B7EBFA /* Onboarding.swift in Sources */,
				A1292E03289285080098EAB7 /* Home.swift in Sources */,
				A1292DFE2891530D0098EAB7 /* Task.swift in Sources */,
				A1292DEE28914DBD0098EAB7 /* DayacademyApp.swift in Sources */,
			);
			runOnlyForDeploymentPostprocessing = 0;
		};
/* End PBXSourcesBuildPhase section */

/* Begin XCBuildConfiguration section */
		A1292DF628914DC00098EAB7 /* Debug */ = {
			isa = XCBuildConfiguration;
			buildSettings = {
				ALWAYS_SEARCH_USER_PATHS = NO;
				CLANG_ANALYZER_NONNULL = YES;
				CLANG_ANALYZER_NUMBER_OBJECT_CONVERSION = YES_AGGRESSIVE;
				CLANG_CXX_LANGUAGE_STANDARD = "gnu++17";
				CLANG_ENABLE_MODULES = YES;
				CLANG_ENABLE_OBJC_ARC = YES;
				CLANG_ENABLE_OBJC_WEAK = YES;
				CLANG_WARN_BLOCK_CAPTURE_AUTORELEASING = YES;
				CLANG_WARN_BOOL_CONVERSION = YES;
				CLANG_WARN_COMMA = YES;
				CLANG_WARN_CONSTANT_CONVERSION = YES;
				CLANG_WARN_DEPRECATED_OBJC_IMPLEMENTATIONS = YES;
				CLANG_WARN_DIRECT_OBJC_ISA_USAGE = YES_ERROR;
				CLANG_WARN_DOCUMENTATION_COMMENTS = YES;
				CLANG_WARN_EMPTY_BODY = YES;
				CLANG_WARN_ENUM_CONVERSION = YES;
				CLANG_WARN_INFINITE_RECURSION = YES;
				CLANG_WARN_INT_CONVERSION = YES;
				CLANG_WARN_NON_LITERAL_NULL_CONVERSION = YES;
				CLANG_WARN_OBJC_IMPLICIT_RETAIN_SELF = YES;
				CLANG_WARN_OBJC_LITERAL_CONVERSION = YES;
				CLANG_WARN_OBJC_ROOT_CLASS = YES_ERROR;
				CLANG_WARN_QUOTED_INCLUDE_IN_FRAMEWORK_HEADER = YES;
				CLANG_WARN_RANGE_LOOP_ANALYSIS = YES;
				CLANG_WARN_STRICT_PROTOTYPES = YES;
				CLANG_WARN_SUSPICIOUS_MOVE = YES;
				CLANG_WARN_UNGUARDED_AVAILABILITY = YES_AGGRESSIVE;
				CLANG_WARN_UNREACHABLE_CODE = YES;
				CLANG_WARN__DUPLICATE_METHOD_MATCH = YES;
				COPY_PHASE_STRIP = NO;
				DEBUG_INFORMATION_FORMAT = dwarf;
				ENABLE_STRICT_OBJC_MSGSEND = YES;
				ENABLE_TESTABILITY = YES;
				GCC_C_LANGUAGE_STANDARD = gnu11;
				GCC_DYNAMIC_NO_PIC = NO;
				GCC_NO_COMMON_BLOCKS = YES;
				GCC_OPTIMIZATION_LEVEL = 0;
				GCC_PREPROCESSOR_DEFINITIONS = (
					"DEBUG=1",
					"$(inherited)",
				);
				GCC_WARN_64_TO_32_BIT_CONVERSION = YES;
				GCC_WARN_ABOUT_RETURN_TYPE = YES_ERROR;
				GCC_WARN_UNDECLARED_SELECTOR = YES;
				GCC_WARN_UNINITIALIZED_AUTOS = YES_AGGRESSIVE;
				GCC_WARN_UNUSED_FUNCTION = YES;
				GCC_WARN_UNUSED_VARIABLE = YES;
				IPHONEOS_DEPLOYMENT_TARGET = 15.5;
				MTL_ENABLE_DEBUG_INFO = INCLUDE_SOURCE;
				MTL_FAST_MATH = YES;
				ONLY_ACTIVE_ARCH = YES;
				SDKROOT = iphoneos;
				SWIFT_ACTIVE_COMPILATION_CONDITIONS = DEBUG;
				SWIFT_OPTIMIZATION_LEVEL = "-Onone";
			};
			name = Debug;
		};
		A1292DF728914DC00098EAB7 /* Release */ = {
			isa = XCBuildConfiguration;
			buildSettings = {
				ALWAYS_SEARCH_USER_PATHS = NO;
				CLANG_ANALYZER_NONNULL = YES;
				CLANG_ANALYZER_NUMBER_OBJECT_CONVERSION = YES_AGGRESSIVE;
				CLANG_CXX_LANGUAGE_STANDARD = "gnu++17";
				CLANG_ENABLE_MODULES = YES;
				CLANG_ENABLE_OBJC_ARC = YES;
				CLANG_ENABLE_OBJC_WEAK = YES;
				CLANG_WARN_BLOCK_CAPTURE_AUTORELEASING = YES;
				CLANG_WARN_BOOL_CONVERSION = YES;
				CLANG_WARN_COMMA = YES;
				CLANG_WARN_CONSTANT_CONVERSION = YES;
				CLANG_WARN_DEPRECATED_OBJC_IMPLEMENTATIONS = YES;
				CLANG_WARN_DIRECT_OBJC_ISA_USAGE = YES_ERROR;
				CLANG_WARN_DOCUMENTATION_COMMENTS = YES;
				CLANG_WARN_EMPTY_BODY = YES;
				CLANG_WARN_ENUM_CONVERSION = YES;
				CLANG_WARN_INFINITE_RECURSION = YES;
				CLANG_WARN_INT_CONVERSION = YES;
				CLANG_WARN_NON_LITERAL_NULL_CONVERSION = YES;
				CLANG_WARN_OBJC_IMPLICIT_RETAIN_SELF = YES;
				CLANG_WARN_OBJC_LITERAL_CONVERSION = YES;
				CLANG_WARN_OBJC_ROOT_CLASS = YES_ERROR;
				CLANG_WARN_QUOTED_INCLUDE_IN_FRAMEWORK_HEADER = YES;
				CLANG_WARN_RANGE_LOOP_ANALYSIS = YES;
				CLANG_WARN_STRICT_PROTOTYPES = YES;
				CLANG_WARN_SUSPICIOUS_MOVE = YES;
				CLANG_WARN_UNGUARDED_AVAILABILITY = YES_AGGRESSIVE;
				CLANG_WARN_UNREACHABLE_CODE = YES;
				CLANG_WARN__DUPLICATE_METHOD_MATCH = YES;
				COPY_PHASE_STRIP = NO;
				DEBUG_INFORMATION_FORMAT = "dwarf-with-dsym";
				ENABLE_NS_ASSERTIONS = NO;
				ENABLE_STRICT_OBJC_MSGSEND = YES;
				GCC_C_LANGUAGE_STANDARD = gnu11;
				GCC_NO_COMMON_BLOCKS = YES;
				GCC_WARN_64_TO_32_BIT_CONVERSION = YES;
				GCC_WARN_ABOUT_RETURN_TYPE = YES_ERROR;
				GCC_WARN_UNDECLARED_SELECTOR = YES;
				GCC_WARN_UNINITIALIZED_AUTOS = YES_AGGRESSIVE;
				GCC_WARN_UNUSED_FUNCTION = YES;
				GCC_WARN_UNUSED_VARIABLE = YES;
				IPHONEOS_DEPLOYMENT_TARGET = 15.5;
				MTL_ENABLE_DEBUG_INFO = NO;
				MTL_FAST_MATH = YES;
				SDKROOT = iphoneos;
				SWIFT_COMPILATION_MODE = wholemodule;
				SWIFT_OPTIMIZATION_LEVEL = "-O";
				VALIDATE_PRODUCT = YES;
			};
			name = Release;
		};
		A1292DF928914DC00098EAB7 /* Debug */ = {
			isa = XCBuildConfiguration;
			buildSettings = {
				ASSETCATALOG_COMPILER_APPICON_NAME = AppIcon;
				ASSETCATALOG_COMPILER_GLOBAL_ACCENT_COLOR_NAME = AccentColor;
				CODE_SIGN_STYLE = Automatic;
				CURRENT_PROJECT_VERSION = 1;
				DEVELOPMENT_ASSET_PATHS = "\"Dayacademy/Preview Content\"";
				DEVELOPMENT_TEAM = 79WFFXHCX7;
				ENABLE_PREVIEWS = YES;
				GENERATE_INFOPLIST_FILE = YES;
				INFOPLIST_KEY_UIApplicationSceneManifest_Generation = YES;
				INFOPLIST_KEY_UIApplicationSupportsIndirectInputEvents = YES;
				INFOPLIST_KEY_UILaunchScreen_Generation = YES;
				INFOPLIST_KEY_UISupportedInterfaceOrientations_iPad = "UIInterfaceOrientationPortrait UIInterfaceOrientationPortraitUpsideDown UIInterfaceOrientationLandscapeLeft UIInterfaceOrientationLandscapeRight";
				INFOPLIST_KEY_UISupportedInterfaceOrientations_iPhone = "UIInterfaceOrientationPortrait UIInterfaceOrientationLandscapeLeft UIInterfaceOrientationLandscapeRight";
				LD_RUNPATH_SEARCH_PATHS = (
					"$(inherited)",
					"@executable_path/Frameworks",
				);
				MARKETING_VERSION = 1.0;
				PRODUCT_BUNDLE_IDENTIFIER = personal.Dayacademy;
				PRODUCT_NAME = "$(TARGET_NAME)";
				SWIFT_EMIT_LOC_STRINGS = YES;
				SWIFT_VERSION = 5.0;
				TARGETED_DEVICE_FAMILY = "1,2";
			};
			name = Debug;
		};
		A1292DFA28914DC00098EAB7 /* Release */ = {
			isa = XCBuildConfiguration;
			buildSettings = {
				ASSETCATALOG_COMPILER_APPICON_NAME = AppIcon;
				ASSETCATALOG_COMPILER_GLOBAL_ACCENT_COLOR_NAME = AccentColor;
				CODE_SIGN_STYLE = Automatic;
				CURRENT_PROJECT_VERSION = 1;
				DEVELOPMENT_ASSET_PATHS = "\"Dayacademy/Preview Content\"";
				DEVELOPMENT_TEAM = 79WFFXHCX7;
				ENABLE_PREVIEWS = YES;
				GENERATE_INFOPLIST_FILE = YES;
				INFOPLIST_KEY_UIApplicationSceneManifest_Generation = YES;
				INFOPLIST_KEY_UIApplicationSupportsIndirectInputEvents = YES;
				INFOPLIST_KEY_UILaunchScreen_Generation = YES;
				INFOPLIST_KEY_UISupportedInterfaceOrientations_iPad = "UIInterfaceOrientationPortrait UIInterfaceOrientationPortraitUpsideDown UIInterfaceOrientationLandscapeLeft UIInterfaceOrientationLandscapeRight";
				INFOPLIST_KEY_UISupportedInterfaceOrientations_iPhone = "UIInterfaceOrientationPortrait UIInterfaceOrientationLandscapeLeft UIInterfaceOrientationLandscapeRight";
				LD_RUNPATH_SEARCH_PATHS = (
					"$(inherited)",
					"@executable_path/Frameworks",
				);
				MARKETING_VERSION = 1.0;
				PRODUCT_BUNDLE_IDENTIFIER = personal.Dayacademy;
				PRODUCT_NAME = "$(TARGET_NAME)";
				SWIFT_EMIT_LOC_STRINGS = YES;
				SWIFT_VERSION = 5.0;
				TARGETED_DEVICE_FAMILY = "1,2";
			};
			name = Release;
		};
/* End XCBuildConfiguration section */

/* Begin XCConfigurationList section */
		A1292DE528914DBD0098EAB7 /* Build configuration list for PBXProject "Dayacademy" */ = {
			isa = XCConfigurationList;
			buildConfigurations = (
				A1292DF628914DC00098EAB7 /* Debug */,
				A1292DF728914DC00098EAB7 /* Release */,
			);
			defaultConfigurationIsVisible = 0;
			defaultConfigurationName = Release;
		};
		A1292DF828914DC00098EAB7 /* Build configuration list for PBXNativeTarget "Dayacademy" */ = {
			isa = XCConfigurationList;
			buildConfigurations = (
				A1292DF928914DC00098EAB7 /* Debug */,
				A1292DFA28914DC00098EAB7 /* Release */,
			);
			defaultConfigurationIsVisible = 0;
			defaultConfigurationName = Release;
		};
/* End XCConfigurationList section */
	};
	rootObject = A1292DE228914DBD0098EAB7 /* Project object */;
}
